// !$*UTF8*$!
{
	archiveVersion = 1;
	classes = {
	};
	objectVersion = 52;
	objects = {

/* Begin PBXBuildFile section */
		DA3A8A072BBB9939003FC375 /* PacificoRegular.ttf in Resources */ = {isa = PBXBuildFile; fileRef = DA3A8A062BBB9939003FC375 /* PacificoRegular.ttf */; };
		DA5D205E2BC4C51E00C10563 /* APIManager.swift in Sources */ = {isa = PBXBuildFile; fileRef = 88ED74FD272FFECA0088E3EF /* APIManager.swift */; };
		DA5D205F2BC4C52100C10563 /* AppDelegate.swift in Sources */ = {isa = PBXBuildFile; fileRef = C40AB9F72754D79E006BC5D7 /* AppDelegate.swift */; };
		DA5D20602BC4C52400C10563 /* trendtrendApp.swift in Sources */ = {isa = PBXBuildFile; fileRef = 88ED74FF272FFECA0088E3EF /* trendtrendApp.swift */; };
		DA5D20612BC4C52800C10563 /* AppConstants.swift in Sources */ = {isa = PBXBuildFile; fileRef = 88ED74F9272FFECA0088E3EF /* AppConstants.swift */; };
		DA5D20622BC4C52B00C10563 /* StringScheme.swift in Sources */ = {isa = PBXBuildFile; fileRef = 04690D122B6ECB9E1F4D24CF /* StringScheme.swift */; };
		DA5D20632BC4C52F00C10563 /* ColorConstants.swift in Sources */ = {isa = PBXBuildFile; fileRef = F25A252D86D207F417995073 /* ColorConstants.swift */; };
		DA5D20642BC4C53300C10563 /* FontScheme.swift in Sources */ = {isa = PBXBuildFile; fileRef = 040B6DC07B46414544B614D6 /* FontScheme.swift */; };
		DA5D20652BC4C53700C10563 /* APIExtensions.swift in Sources */ = {isa = PBXBuildFile; fileRef = 888CB47427686A000041116C /* APIExtensions.swift */; };
		DA5D20662BC4C53A00C10563 /* ViewExtension.swift in Sources */ = {isa = PBXBuildFile; fileRef = 8853052527718DC500B04E6F /* ViewExtension.swift */; };
		DA5D20672BC4C53E00C10563 /* UINavigationController.swift in Sources */ = {isa = PBXBuildFile; fileRef = 8853052B2771949600B04E6F /* UINavigationController.swift */; };
		DA5D20682BC4C54200C10563 /* EncodableExtension.swift in Sources */ = {isa = PBXBuildFile; fileRef = 8853052927718E2D00B04E6F /* EncodableExtension.swift */; };
		DA5D20692BC4C54500C10563 /* RoundedCornersView.swift in Sources */ = {isa = PBXBuildFile; fileRef = 884F3E5027B0E65A00963FC4 /* RoundedCornersView.swift */; };
		DA5D206A2BC4C54900C10563 /* Utilities.swift in Sources */ = {isa = PBXBuildFile; fileRef = 88ED74F7272FFECA0088E3EF /* Utilities.swift */; };
		DA5D206B2BC4C54D00C10563 /* ViewportHelper.swift in Sources */ = {isa = PBXBuildFile; fileRef = 88680D1B2775C601002E964F /* ViewportHelper.swift */; };
		DA5D206C2BC4C55100C10563 /* ActivityLoader.swift in Sources */ = {isa = PBXBuildFile; fileRef = 7F44DBA027422A5D00171570 /* ActivityLoader.swift */; };
		DA5D20752BC4C57C00C10563 /* GetstartedViewModel.swift in Sources */ = {isa = PBXBuildFile; fileRef = E4E64CA83224565EA6C4E90B /* GetstartedViewModel.swift */; };
		DA5D20782BC4C57C00C10563 /* BodymeasureView.swift in Sources */ = {isa = PBXBuildFile; fileRef = B7A72D4273DDA2783EC9F384 /* BodymeasureView.swift */; };
		DA5D20792BC4C57C00C10563 /* BodymeasureViewModel.swift in Sources */ = {isa = PBXBuildFile; fileRef = 9A673FB4B1024D628778BA27 /* BodymeasureViewModel.swift */; };
		DA5D207A2BC4C57C00C10563 /* MainpageView.swift in Sources */ = {isa = PBXBuildFile; fileRef = CAD01459F0771154CE5EBDD9 /* MainpageView.swift */; };
		DA5D207B2BC4C57C00C10563 /* MainpageViewModel.swift in Sources */ = {isa = PBXBuildFile; fileRef = 5AB48165B7F97145B4F9C0AC /* MainpageViewModel.swift */; };
		DA5D207C2BC4C57C00C10563 /* PageIndicator.swift in Sources */ = {isa = PBXBuildFile; fileRef = 9CEE0E83195F96107CC0F9D7 /* PageIndicator.swift */; };
		DA5D20862BC4CAC200C10563 /* GetstartedView.swift in Sources */ = {isa = PBXBuildFile; fileRef = 469E7E9309C8406A2B7DAF89 /* GetstartedView.swift */; };
		DA5D20892BC4CAF900C10563 /* TagpageViewModel.swift in Sources */ = {isa = PBXBuildFile; fileRef = DA5D20882BC4CAF900C10563 /* TagpageViewModel.swift */; };
		DA5D208A2BC4CAF900C10563 /* TagpageView.swift in Sources */ = {isa = PBXBuildFile; fileRef = DA5D20872BC4CAF900C10563 /* TagpageView.swift */; };
		DA5D208E2BC4CAFD00C10563 /* PersonalpageView.swift in Sources */ = {isa = PBXBuildFile; fileRef = DA5D208B2BC4CAFD00C10563 /* PersonalpageView.swift */; };
		DA5D208F2BC4CAFD00C10563 /* PersonalpageViewModel.swift in Sources */ = {isa = PBXBuildFile; fileRef = DA5D208C2BC4CAFD00C10563 /* PersonalpageViewModel.swift */; };
		DA5D20902BC4CAFD00C10563 /* ImageCell.swift in Sources */ = {isa = PBXBuildFile; fileRef = DA5D208D2BC4CAFD00C10563 /* ImageCell.swift */; };
		DA5D20D42BC839E900C10563 /* Assets.xcassets in Resources */ = {isa = PBXBuildFile; fileRef = 88ED74EB272FFE6F0088E3EF /* Assets.xcassets */; };
		DA805B4C2BC84451008C23AA /* Roboto-Thin.ttf in Resources */ = {isa = PBXBuildFile; fileRef = DA805B4B2BC84451008C23AA /* Roboto-Thin.ttf */; };
		DAA3BEBA2BF9991500A59E0D /* GoogleService-Info.plist in Resources */ = {isa = PBXBuildFile; fileRef = DAA3BEB92BF9991500A59E0D /* GoogleService-Info.plist */; };
		DAA3BEBF2BF999ED00A59E0D /* LoginViewModel.swift in Sources */ = {isa = PBXBuildFile; fileRef = DAA3BEBD2BF999ED00A59E0D /* LoginViewModel.swift */; };
		DAA3BEC02BF999ED00A59E0D /* LoginView.swift in Sources */ = {isa = PBXBuildFile; fileRef = DAA3BEBE2BF999ED00A59E0D /* LoginView.swift */; };
		DAA3BECA2BF99DF700A59E0D /* SignupViewModel.swift in Sources */ = {isa = PBXBuildFile; fileRef = DAA3BEC82BF99DF700A59E0D /* SignupViewModel.swift */; };
		DAA3BECB2BF99DF700A59E0D /* SignupView.swift in Sources */ = {isa = PBXBuildFile; fileRef = DAA3BEC92BF99DF700A59E0D /* SignupView.swift */; };
		DAA3BED02BFA40DA00A59E0D /* Roboto-Bold.ttf in Resources */ = {isa = PBXBuildFile; fileRef = DAA3BECE2BFA40DA00A59E0D /* Roboto-Bold.ttf */; };
		DAA3BED32BFA40E500A59E0D /* Roboto-Regular.ttf in Resources */ = {isa = PBXBuildFile; fileRef = DAA3BED22BFA40E500A59E0D /* Roboto-Regular.ttf */; };
		DAA3BED52BFA410300A59E0D /* Roboto-Light.ttf in Resources */ = {isa = PBXBuildFile; fileRef = DAA3BED42BFA410300A59E0D /* Roboto-Light.ttf */; };
		DAA3BED72BFDECB400A59E0D /* CreatePostView.swift in Sources */ = {isa = PBXBuildFile; fileRef = DAA3BED62BFDECB400A59E0D /* CreatePostView.swift */; };
		DAA3BED92BFDECCF00A59E0D /* CreatePostViewModel.swift in Sources */ = {isa = PBXBuildFile; fileRef = DAA3BED82BFDECCF00A59E0D /* CreatePostViewModel.swift */; };
		DAA3BEDD2BFE45F600A59E0D /* PhotoPicker.swift in Sources */ = {isa = PBXBuildFile; fileRef = DAA3BEDC2BFE45F600A59E0D /* PhotoPicker.swift */; };
		DAA3BEE12BFF31A300A59E0D /* UserModel.swift in Sources */ = {isa = PBXBuildFile; fileRef = DAA3BEE02BFF31A300A59E0D /* UserModel.swift */; };
		DAA3BEE52BFF3C0300A59E0D /* StorageService.swift in Sources */ = {isa = PBXBuildFile; fileRef = DAA3BEE42BFF3C0300A59E0D /* StorageService.swift */; };
		DAD55A2E2C044CA500B3B28E /* CropViewController in Frameworks */ = {isa = PBXBuildFile; productRef = DAD55A2D2C044CA500B3B28E /* CropViewController */; };
		DAD55A302C044CA500B3B28E /* TOCropViewController in Frameworks */ = {isa = PBXBuildFile; productRef = DAD55A2F2C044CA500B3B28E /* TOCropViewController */; };
		F5E60549BF550F2A5EF1D72D /* Pods_trendtrend.framework in Frameworks */ = {isa = PBXBuildFile; fileRef = 317AC06C5D330E87A54B108A /* Pods_trendtrend.framework */; };
/* End PBXBuildFile section */

/* Begin PBXFileReference section */
		040B6DC07B46414544B614D6 /* FontScheme.swift */ = {isa = PBXFileReference; includeInIndex = 1; lastKnownFileType = sourcecode.swift; path = FontScheme.swift; sourceTree = "<group>"; };
		04690D122B6ECB9E1F4D24CF /* StringScheme.swift */ = {isa = PBXFileReference; includeInIndex = 1; lastKnownFileType = sourcecode.swift; path = StringScheme.swift; sourceTree = "<group>"; };
		317AC06C5D330E87A54B108A /* Pods_trendtrend.framework */ = {isa = PBXFileReference; explicitFileType = wrapper.framework; includeInIndex = 0; path = Pods_trendtrend.framework; sourceTree = BUILT_PRODUCTS_DIR; };
		469E7E9309C8406A2B7DAF89 /* GetstartedView.swift */ = {isa = PBXFileReference; includeInIndex = 1; lastKnownFileType = sourcecode.swift; path = GetstartedView.swift; sourceTree = "<group>"; };
		5AB48165B7F97145B4F9C0AC /* MainpageViewModel.swift */ = {isa = PBXFileReference; includeInIndex = 1; lastKnownFileType = sourcecode.swift; path = MainpageViewModel.swift; sourceTree = "<group>"; };
		7F44DBA027422A5D00171570 /* ActivityLoader.swift */ = {isa = PBXFileReference; lastKnownFileType = sourcecode.swift; path = ActivityLoader.swift; sourceTree = "<group>"; };
		884F3E5027B0E65A00963FC4 /* RoundedCornersView.swift */ = {isa = PBXFileReference; lastKnownFileType = sourcecode.swift; path = RoundedCornersView.swift; sourceTree = "<group>"; };
		8853052527718DC500B04E6F /* ViewExtension.swift */ = {isa = PBXFileReference; lastKnownFileType = sourcecode.swift; path = ViewExtension.swift; sourceTree = "<group>"; };
		8853052927718E2D00B04E6F /* EncodableExtension.swift */ = {isa = PBXFileReference; lastKnownFileType = sourcecode.swift; path = EncodableExtension.swift; sourceTree = "<group>"; };
		8853052B2771949600B04E6F /* UINavigationController.swift */ = {isa = PBXFileReference; fileEncoding = 4; lastKnownFileType = sourcecode.swift; path = UINavigationController.swift; sourceTree = "<group>"; };
		88680D1B2775C601002E964F /* ViewportHelper.swift */ = {isa = PBXFileReference; lastKnownFileType = sourcecode.swift; path = ViewportHelper.swift; sourceTree = "<group>"; };
		888CB47427686A000041116C /* APIExtensions.swift */ = {isa = PBXFileReference; lastKnownFileType = sourcecode.swift; path = APIExtensions.swift; sourceTree = "<group>"; };
		88ED74E4272FFE6E0088E3EF /* trendtrend.app */ = {isa = PBXFileReference; explicitFileType = wrapper.application; includeInIndex = 0; path = trendtrend.app; sourceTree = BUILT_PRODUCTS_DIR; };
		88ED74EB272FFE6F0088E3EF /* Assets.xcassets */ = {isa = PBXFileReference; lastKnownFileType = folder.assetcatalog; path = Assets.xcassets; sourceTree = "<group>"; };
		88ED74EE272FFE6F0088E3EF /* Preview Assets.xcassets */ = {isa = PBXFileReference; lastKnownFileType = folder.assetcatalog; path = "Preview Assets.xcassets"; sourceTree = "<group>"; };
		88ED74F0272FFE6F0088E3EF /* Info.plist */ = {isa = PBXFileReference; lastKnownFileType = text.plist.xml; path = Info.plist; sourceTree = "<group>"; };
		88ED74F7272FFECA0088E3EF /* Utilities.swift */ = {isa = PBXFileReference; fileEncoding = 4; lastKnownFileType = sourcecode.swift; path = Utilities.swift; sourceTree = "<group>"; };
		88ED74F9272FFECA0088E3EF /* AppConstants.swift */ = {isa = PBXFileReference; fileEncoding = 4; lastKnownFileType = sourcecode.swift; path = AppConstants.swift; sourceTree = "<group>"; };
		88ED74FD272FFECA0088E3EF /* APIManager.swift */ = {isa = PBXFileReference; fileEncoding = 4; lastKnownFileType = sourcecode.swift; path = APIManager.swift; sourceTree = "<group>"; };
		88ED74FF272FFECA0088E3EF /* trendtrendApp.swift */ = {isa = PBXFileReference; fileEncoding = 4; lastKnownFileType = sourcecode.swift; path = trendtrendApp.swift; sourceTree = "<group>"; };
		9A673FB4B1024D628778BA27 /* BodymeasureViewModel.swift */ = {isa = PBXFileReference; includeInIndex = 1; lastKnownFileType = sourcecode.swift; path = BodymeasureViewModel.swift; sourceTree = "<group>"; };
		9CEE0E83195F96107CC0F9D7 /* PageIndicator.swift */ = {isa = PBXFileReference; includeInIndex = 1; lastKnownFileType = sourcecode.swift; path = PageIndicator.swift; sourceTree = "<group>"; };
		B7A72D4273DDA2783EC9F384 /* BodymeasureView.swift */ = {isa = PBXFileReference; includeInIndex = 1; lastKnownFileType = sourcecode.swift; path = BodymeasureView.swift; sourceTree = "<group>"; };
		C40AB9F72754D79E006BC5D7 /* AppDelegate.swift */ = {isa = PBXFileReference; fileEncoding = 4; lastKnownFileType = sourcecode.swift; path = AppDelegate.swift; sourceTree = "<group>"; };
		CAD01459F0771154CE5EBDD9 /* MainpageView.swift */ = {isa = PBXFileReference; includeInIndex = 1; lastKnownFileType = sourcecode.swift; path = MainpageView.swift; sourceTree = "<group>"; };
		DA3A8A062BBB9939003FC375 /* PacificoRegular.ttf */ = {isa = PBXFileReference; lastKnownFileType = file; path = PacificoRegular.ttf; sourceTree = "<group>"; };
		DA44DD7E2BF8DF72006D5F7F /* FirebaseAuth.framework */ = {isa = PBXFileReference; explicitFileType = wrapper.framework; path = FirebaseAuth.framework; sourceTree = BUILT_PRODUCTS_DIR; };
		DA44DD802BF8E096006D5F7F /* FirebaseAuth.framework */ = {isa = PBXFileReference; explicitFileType = wrapper.framework; path = FirebaseAuth.framework; sourceTree = BUILT_PRODUCTS_DIR; };
		DA5D20872BC4CAF900C10563 /* TagpageView.swift */ = {isa = PBXFileReference; lastKnownFileType = sourcecode.swift; path = TagpageView.swift; sourceTree = "<group>"; };
		DA5D20882BC4CAF900C10563 /* TagpageViewModel.swift */ = {isa = PBXFileReference; lastKnownFileType = sourcecode.swift; path = TagpageViewModel.swift; sourceTree = "<group>"; };
		DA5D208B2BC4CAFD00C10563 /* PersonalpageView.swift */ = {isa = PBXFileReference; lastKnownFileType = sourcecode.swift; path = PersonalpageView.swift; sourceTree = "<group>"; };
		DA5D208C2BC4CAFD00C10563 /* PersonalpageViewModel.swift */ = {isa = PBXFileReference; lastKnownFileType = sourcecode.swift; path = PersonalpageViewModel.swift; sourceTree = "<group>"; };
		DA5D208D2BC4CAFD00C10563 /* ImageCell.swift */ = {isa = PBXFileReference; lastKnownFileType = sourcecode.swift; path = ImageCell.swift; sourceTree = "<group>"; };
		DA805B4B2BC84451008C23AA /* Roboto-Thin.ttf */ = {isa = PBXFileReference; lastKnownFileType = file; path = "Roboto-Thin.ttf"; sourceTree = "<group>"; };
		DAA3BE792BF9952300A59E0D /* Alamofire.framework */ = {isa = PBXFileReference; explicitFileType = wrapper.framework; path = Alamofire.framework; sourceTree = BUILT_PRODUCTS_DIR; };
		DAA3BE7A2BF9952300A59E0D /* Alamofire.bundle */ = {isa = PBXFileReference; explicitFileType = wrapper.cfbundle; path = Alamofire.bundle; sourceTree = BUILT_PRODUCTS_DIR; };
		DAA3BE7B2BF9952300A59E0D /* FirebaseAnalytics.xcframework */ = {isa = PBXFileReference; lastKnownFileType = wrapper.xcframework; name = FirebaseAnalytics.xcframework; path = Pods/FirebaseAnalytics/Frameworks/FirebaseAnalytics.xcframework; sourceTree = "<group>"; };
		DAA3BE7C2BF9952300A59E0D /* FirebaseAppCheckInterop.framework */ = {isa = PBXFileReference; explicitFileType = wrapper.framework; path = FirebaseAppCheckInterop.framework; sourceTree = BUILT_PRODUCTS_DIR; };
		DAA3BE7D2BF9952300A59E0D /* FirebaseAuth.framework */ = {isa = PBXFileReference; explicitFileType = wrapper.framework; path = FirebaseAuth.framework; sourceTree = BUILT_PRODUCTS_DIR; };
		DAA3BE7E2BF9952300A59E0D /* FirebaseAuth_Privacy.bundle */ = {isa = PBXFileReference; explicitFileType = wrapper.cfbundle; path = FirebaseAuth_Privacy.bundle; sourceTree = BUILT_PRODUCTS_DIR; };
		DAA3BE7F2BF9952300A59E0D /* FirebaseCore.framework */ = {isa = PBXFileReference; explicitFileType = wrapper.framework; path = FirebaseCore.framework; sourceTree = BUILT_PRODUCTS_DIR; };
		DAA3BE802BF9952300A59E0D /* FirebaseCore_Privacy.bundle */ = {isa = PBXFileReference; explicitFileType = wrapper.cfbundle; path = FirebaseCore_Privacy.bundle; sourceTree = BUILT_PRODUCTS_DIR; };
		DAA3BE812BF9952300A59E0D /* FirebaseCoreInternal.framework */ = {isa = PBXFileReference; explicitFileType = wrapper.framework; path = FirebaseCoreInternal.framework; sourceTree = BUILT_PRODUCTS_DIR; };
		DAA3BE822BF9952300A59E0D /* FirebaseCoreInternal_Privacy.bundle */ = {isa = PBXFileReference; explicitFileType = wrapper.cfbundle; path = FirebaseCoreInternal_Privacy.bundle; sourceTree = BUILT_PRODUCTS_DIR; };
		DAA3BE832BF9952300A59E0D /* FirebaseInstallations.framework */ = {isa = PBXFileReference; explicitFileType = wrapper.framework; path = FirebaseInstallations.framework; sourceTree = BUILT_PRODUCTS_DIR; };
		DAA3BE842BF9952300A59E0D /* FirebaseInstallations_Privacy.bundle */ = {isa = PBXFileReference; explicitFileType = wrapper.cfbundle; path = FirebaseInstallations_Privacy.bundle; sourceTree = BUILT_PRODUCTS_DIR; };
		DAA3BE852BF9952300A59E0D /* GoogleAppMeasurement.xcframework */ = {isa = PBXFileReference; lastKnownFileType = wrapper.xcframework; name = GoogleAppMeasurement.xcframework; path = Pods/GoogleAppMeasurement/Frameworks/GoogleAppMeasurement.xcframework; sourceTree = "<group>"; };
		DAA3BE862BF9952300A59E0D /* GoogleAppMeasurementIdentitySupport.xcframework */ = {isa = PBXFileReference; lastKnownFileType = wrapper.xcframework; name = GoogleAppMeasurementIdentitySupport.xcframework; path = Pods/GoogleAppMeasurement/Frameworks/GoogleAppMeasurementIdentitySupport.xcframework; sourceTree = "<group>"; };
		DAA3BE872BF9952300A59E0D /* GoogleUtilities.framework */ = {isa = PBXFileReference; explicitFileType = wrapper.framework; path = GoogleUtilities.framework; sourceTree = BUILT_PRODUCTS_DIR; };
		DAA3BE882BF9952300A59E0D /* GoogleUtilities_Privacy.bundle */ = {isa = PBXFileReference; explicitFileType = wrapper.cfbundle; path = GoogleUtilities_Privacy.bundle; sourceTree = BUILT_PRODUCTS_DIR; };
		DAA3BE892BF9952300A59E0D /* GTMSessionFetcher.framework */ = {isa = PBXFileReference; explicitFileType = wrapper.framework; path = GTMSessionFetcher.framework; sourceTree = BUILT_PRODUCTS_DIR; };
		DAA3BE8A2BF9952300A59E0D /* GTMSessionFetcher_Core_Privacy.bundle */ = {isa = PBXFileReference; explicitFileType = wrapper.cfbundle; path = GTMSessionFetcher_Core_Privacy.bundle; sourceTree = BUILT_PRODUCTS_DIR; };
		DAA3BE8B2BF9952300A59E0D /* nanopb.framework */ = {isa = PBXFileReference; explicitFileType = wrapper.framework; path = nanopb.framework; sourceTree = BUILT_PRODUCTS_DIR; };
		DAA3BE8C2BF9952300A59E0D /* nanopb_Privacy.bundle */ = {isa = PBXFileReference; explicitFileType = wrapper.cfbundle; path = nanopb_Privacy.bundle; sourceTree = BUILT_PRODUCTS_DIR; };
		DAA3BE8E2BF9952300A59E0D /* FBLPromises.framework */ = {isa = PBXFileReference; explicitFileType = wrapper.framework; path = FBLPromises.framework; sourceTree = BUILT_PRODUCTS_DIR; };
		DAA3BE8F2BF9952300A59E0D /* FBLPromises_Privacy.bundle */ = {isa = PBXFileReference; explicitFileType = wrapper.cfbundle; path = FBLPromises_Privacy.bundle; sourceTree = BUILT_PRODUCTS_DIR; };
		DAA3BE902BF9952300A59E0D /* RecaptchaInterop.framework */ = {isa = PBXFileReference; explicitFileType = wrapper.framework; path = RecaptchaInterop.framework; sourceTree = BUILT_PRODUCTS_DIR; };
		DAA3BEB92BF9991500A59E0D /* GoogleService-Info.plist */ = {isa = PBXFileReference; fileEncoding = 4; lastKnownFileType = text.plist.xml; path = "GoogleService-Info.plist"; sourceTree = "<group>"; };
		DAA3BEBD2BF999ED00A59E0D /* LoginViewModel.swift */ = {isa = PBXFileReference; fileEncoding = 4; lastKnownFileType = sourcecode.swift; path = LoginViewModel.swift; sourceTree = "<group>"; };
		DAA3BEBE2BF999ED00A59E0D /* LoginView.swift */ = {isa = PBXFileReference; fileEncoding = 4; lastKnownFileType = sourcecode.swift; path = LoginView.swift; sourceTree = "<group>"; };
		DAA3BEC82BF99DF700A59E0D /* SignupViewModel.swift */ = {isa = PBXFileReference; fileEncoding = 4; lastKnownFileType = sourcecode.swift; path = SignupViewModel.swift; sourceTree = "<group>"; };
		DAA3BEC92BF99DF700A59E0D /* SignupView.swift */ = {isa = PBXFileReference; fileEncoding = 4; lastKnownFileType = sourcecode.swift; path = SignupView.swift; sourceTree = "<group>"; };
		DAA3BECE2BFA40DA00A59E0D /* Roboto-Bold.ttf */ = {isa = PBXFileReference; lastKnownFileType = file; path = "Roboto-Bold.ttf"; sourceTree = "<group>"; };
		DAA3BED22BFA40E500A59E0D /* Roboto-Regular.ttf */ = {isa = PBXFileReference; lastKnownFileType = file; path = "Roboto-Regular.ttf"; sourceTree = "<group>"; };
		DAA3BED42BFA410300A59E0D /* Roboto-Light.ttf */ = {isa = PBXFileReference; lastKnownFileType = file; path = "Roboto-Light.ttf"; sourceTree = "<group>"; };
		DAA3BED62BFDECB400A59E0D /* CreatePostView.swift */ = {isa = PBXFileReference; lastKnownFileType = sourcecode.swift; path = CreatePostView.swift; sourceTree = "<group>"; };
		DAA3BED82BFDECCF00A59E0D /* CreatePostViewModel.swift */ = {isa = PBXFileReference; lastKnownFileType = sourcecode.swift; path = CreatePostViewModel.swift; sourceTree = "<group>"; };
		DAA3BEDC2BFE45F600A59E0D /* PhotoPicker.swift */ = {isa = PBXFileReference; lastKnownFileType = sourcecode.swift; path = PhotoPicker.swift; sourceTree = "<group>"; };
		DAA3BEE02BFF31A300A59E0D /* UserModel.swift */ = {isa = PBXFileReference; lastKnownFileType = sourcecode.swift; path = UserModel.swift; sourceTree = "<group>"; };
		DAA3BEE42BFF3C0300A59E0D /* StorageService.swift */ = {isa = PBXFileReference; lastKnownFileType = sourcecode.swift; path = StorageService.swift; sourceTree = "<group>"; };
		E4E64CA83224565EA6C4E90B /* GetstartedViewModel.swift */ = {isa = PBXFileReference; includeInIndex = 1; lastKnownFileType = sourcecode.swift; path = GetstartedViewModel.swift; sourceTree = "<group>"; };
		F21E534AAF644A2BBDAE291C /* Pods-trendtrend.release.xcconfig */ = {isa = PBXFileReference; includeInIndex = 1; lastKnownFileType = text.xcconfig; name = "Pods-trendtrend.release.xcconfig"; path = "Target Support Files/Pods-trendtrend/Pods-trendtrend.release.xcconfig"; sourceTree = "<group>"; };
		F25A252D86D207F417995073 /* ColorConstants.swift */ = {isa = PBXFileReference; includeInIndex = 1; lastKnownFileType = sourcecode.swift; path = ColorConstants.swift; sourceTree = "<group>"; };
		FDB21E835067A96679F8CAE2 /* Pods-trendtrend.debug.xcconfig */ = {isa = PBXFileReference; includeInIndex = 1; lastKnownFileType = text.xcconfig; name = "Pods-trendtrend.debug.xcconfig"; path = "Target Support Files/Pods-trendtrend/Pods-trendtrend.debug.xcconfig"; sourceTree = "<group>"; };
/* End PBXFileReference section */

/* Begin PBXFrameworksBuildPhase section */
		88ED74E1272FFE6E0088E3EF /* Frameworks */ = {
			isa = PBXFrameworksBuildPhase;
			buildActionMask = 2147483647;
			files = (
				F5E60549BF550F2A5EF1D72D /* Pods_trendtrend.framework in Frameworks */,
				DAD55A302C044CA500B3B28E /* TOCropViewController in Frameworks */,
				DAD55A2E2C044CA500B3B28E /* CropViewController in Frameworks */,
			);
			runOnlyForDeploymentPostprocessing = 0;
		};
/* End PBXFrameworksBuildPhase section */

/* Begin PBXGroup section */
		0240C1435BAC7C2CF36B8263 /* LoginView */ = {
			isa = PBXGroup;
			children = (
				DAA3BEBE2BF999ED00A59E0D /* LoginView.swift */,
				DAA3BEBD2BF999ED00A59E0D /* LoginViewModel.swift */,
			);
			path = LoginView;
			sourceTree = "<group>";
		};
		7F44DB9E27422A4200171570 /* Helper */ = {
			isa = PBXGroup;
			children = (
				88680D1A2775C5BD002E964F /* Viewport */,
				7F44DB9F27422A4200171570 /* ActivityLoader */,
			);
			path = Helper;
			sourceTree = "<group>";
		};
		7F44DB9F27422A4200171570 /* ActivityLoader */ = {
			isa = PBXGroup;
			children = (
				7F44DBA027422A5D00171570 /* ActivityLoader.swift */,
			);
			path = ActivityLoader;
			sourceTree = "<group>";
		};
		85D449955708852C5DEBCA70 /* Fonts */ = {
			isa = PBXGroup;
			children = (
				DAA3BED22BFA40E500A59E0D /* Roboto-Regular.ttf */,
				DAA3BED42BFA410300A59E0D /* Roboto-Light.ttf */,
				DAA3BECE2BFA40DA00A59E0D /* Roboto-Bold.ttf */,
				DA3A8A062BBB9939003FC375 /* PacificoRegular.ttf */,
				DA805B4B2BC84451008C23AA /* Roboto-Thin.ttf */,
			);
			path = Fonts;
			sourceTree = "<group>";
		};
		88680D1A2775C5BD002E964F /* Viewport */ = {
			isa = PBXGroup;
			children = (
				88680D1B2775C601002E964F /* ViewportHelper.swift */,
			);
			path = Viewport;
			sourceTree = "<group>";
		};
		88ED74DB272FFE6E0088E3EF = {
			isa = PBXGroup;
			children = (
				88ED74E6272FFE6E0088E3EF /* trendtrend */,
				88ED74E5272FFE6E0088E3EF /* Products */,
				951B2135ABD80C10ED231AE3 /* Pods */,
				AFE0D89A5EF0272089CE97AE /* Frameworks */,
			);
			sourceTree = "<group>";
		};
		88ED74E5272FFE6E0088E3EF /* Products */ = {
			isa = PBXGroup;
			children = (
				88ED74E4272FFE6E0088E3EF /* trendtrend.app */,
			);
			name = Products;
			sourceTree = "<group>";
		};
		88ED74E6272FFE6E0088E3EF /* trendtrend */ = {
			isa = PBXGroup;
			children = (
				DAA3BEDF2BFF317700A59E0D /* Models */,
				DAA3BEB92BF9991500A59E0D /* GoogleService-Info.plist */,
				88ED74FC272FFECA0088E3EF /* Services */,
				88ED74FE272FFECA0088E3EF /* Application */,
				88ED74F8272FFECA0088E3EF /* Constants */,
				88ED74FA272FFECA0088E3EF /* Extensions */,
				88ED74F6272FFECA0088E3EF /* Utilities */,
				7F44DB9E27422A4200171570 /* Helper */,
				88ED74EB272FFE6F0088E3EF /* Assets.xcassets */,
				88ED74F0272FFE6F0088E3EF /* Info.plist */,
				88ED74ED272FFE6F0088E3EF /* Preview Content */,
				A8448FC6F25E4019D0E1D810 /* Resources */,
				D5A99E39F71FFC565E236281 /* Views */,
				E0DD7BB69F9CE91897652254 /* CustomViews */,
			);
			path = trendtrend;
			sourceTree = "<group>";
		};
		88ED74ED272FFE6F0088E3EF /* Preview Content */ = {
			isa = PBXGroup;
			children = (
				88ED74EE272FFE6F0088E3EF /* Preview Assets.xcassets */,
			);
			path = "Preview Content";
			sourceTree = "<group>";
		};
		88ED74F6272FFECA0088E3EF /* Utilities */ = {
			isa = PBXGroup;
			children = (
				88ED74F7272FFECA0088E3EF /* Utilities.swift */,
			);
			path = Utilities;
			sourceTree = "<group>";
		};
		88ED74F8272FFECA0088E3EF /* Constants */ = {
			isa = PBXGroup;
			children = (
				88ED74F9272FFECA0088E3EF /* AppConstants.swift */,
				04690D122B6ECB9E1F4D24CF /* StringScheme.swift */,
				F25A252D86D207F417995073 /* ColorConstants.swift */,
				040B6DC07B46414544B614D6 /* FontScheme.swift */,
			);
			path = Constants;
			sourceTree = "<group>";
		};
		88ED74FA272FFECA0088E3EF /* Extensions */ = {
			isa = PBXGroup;
			children = (
				888CB47427686A000041116C /* APIExtensions.swift */,
				8853052527718DC500B04E6F /* ViewExtension.swift */,
				8853052B2771949600B04E6F /* UINavigationController.swift */,
				8853052927718E2D00B04E6F /* EncodableExtension.swift */,
				884F3E5027B0E65A00963FC4 /* RoundedCornersView.swift */,
			);
			path = Extensions;
			sourceTree = "<group>";
		};
		88ED74FC272FFECA0088E3EF /* Services */ = {
			isa = PBXGroup;
			children = (
				88ED74FD272FFECA0088E3EF /* APIManager.swift */,
				DAA3BEE42BFF3C0300A59E0D /* StorageService.swift */,
			);
			path = Services;
			sourceTree = "<group>";
		};
		88ED74FE272FFECA0088E3EF /* Application */ = {
			isa = PBXGroup;
			children = (
				C40AB9F72754D79E006BC5D7 /* AppDelegate.swift */,
				88ED74FF272FFECA0088E3EF /* trendtrendApp.swift */,
			);
			path = Application;
			sourceTree = "<group>";
		};
		951B2135ABD80C10ED231AE3 /* Pods */ = {
			isa = PBXGroup;
			children = (
				FDB21E835067A96679F8CAE2 /* Pods-trendtrend.debug.xcconfig */,
				F21E534AAF644A2BBDAE291C /* Pods-trendtrend.release.xcconfig */,
			);
			path = Pods;
			sourceTree = "<group>";
		};
		9FD470275EF4FEE114B1E77D /* MainpageView */ = {
			isa = PBXGroup;
			children = (
				CAD01459F0771154CE5EBDD9 /* MainpageView.swift */,
				5AB48165B7F97145B4F9C0AC /* MainpageViewModel.swift */,
			);
			path = MainpageView;
			sourceTree = "<group>";
		};
		A8448FC6F25E4019D0E1D810 /* Resources */ = {
			isa = PBXGroup;
			children = (
				85D449955708852C5DEBCA70 /* Fonts */,
			);
			path = Resources;
			sourceTree = "<group>";
		};
		AFE0D89A5EF0272089CE97AE /* Frameworks */ = {
			isa = PBXGroup;
			children = (
				DAA3BE792BF9952300A59E0D /* Alamofire.framework */,
				DAA3BE7A2BF9952300A59E0D /* Alamofire.bundle */,
				DAA3BE7B2BF9952300A59E0D /* FirebaseAnalytics.xcframework */,
				DAA3BE7C2BF9952300A59E0D /* FirebaseAppCheckInterop.framework */,
				DAA3BE7D2BF9952300A59E0D /* FirebaseAuth.framework */,
				DAA3BE7E2BF9952300A59E0D /* FirebaseAuth_Privacy.bundle */,
				DAA3BE7F2BF9952300A59E0D /* FirebaseCore.framework */,
				DAA3BE802BF9952300A59E0D /* FirebaseCore_Privacy.bundle */,
				DAA3BE812BF9952300A59E0D /* FirebaseCoreInternal.framework */,
				DAA3BE822BF9952300A59E0D /* FirebaseCoreInternal_Privacy.bundle */,
				DAA3BE832BF9952300A59E0D /* FirebaseInstallations.framework */,
				DAA3BE842BF9952300A59E0D /* FirebaseInstallations_Privacy.bundle */,
				DAA3BE852BF9952300A59E0D /* GoogleAppMeasurement.xcframework */,
				DAA3BE862BF9952300A59E0D /* GoogleAppMeasurementIdentitySupport.xcframework */,
				DAA3BE872BF9952300A59E0D /* GoogleUtilities.framework */,
				DAA3BE882BF9952300A59E0D /* GoogleUtilities_Privacy.bundle */,
				DAA3BE892BF9952300A59E0D /* GTMSessionFetcher.framework */,
				DAA3BE8A2BF9952300A59E0D /* GTMSessionFetcher_Core_Privacy.bundle */,
				DAA3BE8B2BF9952300A59E0D /* nanopb.framework */,
				DAA3BE8C2BF9952300A59E0D /* nanopb_Privacy.bundle */,
				DAA3BE8E2BF9952300A59E0D /* FBLPromises.framework */,
				DAA3BE8F2BF9952300A59E0D /* FBLPromises_Privacy.bundle */,
				DAA3BE902BF9952300A59E0D /* RecaptchaInterop.framework */,
				DA44DD802BF8E096006D5F7F /* FirebaseAuth.framework */,
				DA44DD7E2BF8DF72006D5F7F /* FirebaseAuth.framework */,
				317AC06C5D330E87A54B108A /* Pods_trendtrend.framework */,
			);
			name = Frameworks;
			sourceTree = "<group>";
		};
		B6AE8B69567166F6EF32E215 /* BodymeasureView */ = {
			isa = PBXGroup;
			children = (
				B7A72D4273DDA2783EC9F384 /* BodymeasureView.swift */,
				9A673FB4B1024D628778BA27 /* BodymeasureViewModel.swift */,
			);
			path = BodymeasureView;
			sourceTree = "<group>";
		};
		D5A99E39F71FFC565E236281 /* Views */ = {
			isa = PBXGroup;
			children = (
				DAA3BECD2BF99E1100A59E0D /* SignupView */,
				DA5D20922BC4CB7500C10563 /* TagView */,
				DA5D20912BC4CB5000C10563 /* PersonalView */,
				FCBB2D07AFDE69B72A440F22 /* GetstartedView */,
				0240C1435BAC7C2CF36B8263 /* LoginView */,
				B6AE8B69567166F6EF32E215 /* BodymeasureView */,
				9FD470275EF4FEE114B1E77D /* MainpageView */,
				DAA3BEDB2BFDECE000A59E0D /* CreatePost */,
			);
			path = Views;
			sourceTree = "<group>";
		};
		DA5D20912BC4CB5000C10563 /* PersonalView */ = {
			isa = PBXGroup;
			children = (
				DA5D208D2BC4CAFD00C10563 /* ImageCell.swift */,
				DA5D208B2BC4CAFD00C10563 /* PersonalpageView.swift */,
				DA5D208C2BC4CAFD00C10563 /* PersonalpageViewModel.swift */,
			);
			path = PersonalView;
			sourceTree = "<group>";
		};
		DA5D20922BC4CB7500C10563 /* TagView */ = {
			isa = PBXGroup;
			children = (
				DA5D20872BC4CAF900C10563 /* TagpageView.swift */,
				DA5D20882BC4CAF900C10563 /* TagpageViewModel.swift */,
			);
			path = TagView;
			sourceTree = "<group>";
		};
		DAA3BECD2BF99E1100A59E0D /* SignupView */ = {
			isa = PBXGroup;
			children = (
				DAA3BEC92BF99DF700A59E0D /* SignupView.swift */,
				DAA3BEC82BF99DF700A59E0D /* SignupViewModel.swift */,
			);
			path = SignupView;
			sourceTree = "<group>";
		};
		DAA3BEDB2BFDECE000A59E0D /* CreatePost */ = {
			isa = PBXGroup;
			children = (
				DAA3BED62BFDECB400A59E0D /* CreatePostView.swift */,
				DAA3BED82BFDECCF00A59E0D /* CreatePostViewModel.swift */,
				DAA3BEDC2BFE45F600A59E0D /* PhotoPicker.swift */,
			);
			path = CreatePost;
			sourceTree = "<group>";
		};
		DAA3BEDF2BFF317700A59E0D /* Models */ = {
			isa = PBXGroup;
			children = (
				DAA3BEE02BFF31A300A59E0D /* UserModel.swift */,
			);
			path = Models;
			sourceTree = "<group>";
		};
		E0DD7BB69F9CE91897652254 /* CustomViews */ = {
			isa = PBXGroup;
			children = (
				E10EC755A35C0FE59D2DF01D /* PageIndicator */,
			);
			path = CustomViews;
			sourceTree = "<group>";
		};
		E10EC755A35C0FE59D2DF01D /* PageIndicator */ = {
			isa = PBXGroup;
			children = (
				9CEE0E83195F96107CC0F9D7 /* PageIndicator.swift */,
			);
			path = PageIndicator;
			sourceTree = "<group>";
		};
		FCBB2D07AFDE69B72A440F22 /* GetstartedView */ = {
			isa = PBXGroup;
			children = (
				469E7E9309C8406A2B7DAF89 /* GetstartedView.swift */,
				E4E64CA83224565EA6C4E90B /* GetstartedViewModel.swift */,
			);
			path = GetstartedView;
			sourceTree = "<group>";
		};
/* End PBXGroup section */

/* Begin PBXNativeTarget section */
		88ED74E3272FFE6E0088E3EF /* trendtrend */ = {
			isa = PBXNativeTarget;
			buildConfigurationList = 88ED74F3272FFE6F0088E3EF /* Build configuration list for PBXNativeTarget "trendtrend" */;
			buildPhases = (
				47729BF7080811ACB1501F9A /* [CP] Check Pods Manifest.lock */,
				88ED74E1272FFE6E0088E3EF /* Frameworks */,
				88ED74E2272FFE6E0088E3EF /* Resources */,
				DA5D205D2BC4C51400C10563 /* Sources */,
				007EDECC7E1A6BD880D28C11 /* [CP] Embed Pods Frameworks */,
			);
			buildRules = (
			);
			dependencies = (
			);
			name = trendtrend;
			packageProductDependencies = (
				DAD55A2D2C044CA500B3B28E /* CropViewController */,
				DAD55A2F2C044CA500B3B28E /* TOCropViewController */,
			);
			productName = trendtrend;
			productReference = 88ED74E4272FFE6E0088E3EF /* trendtrend.app */;
			productType = "com.apple.product-type.application";
		};
/* End PBXNativeTarget section */

/* Begin PBXProject section */
		88ED74DC272FFE6E0088E3EF /* Project object */ = {
			isa = PBXProject;
			attributes = {
				LastSwiftUpdateCheck = 1250;
				LastUpgradeCheck = 1250;
				TargetAttributes = {
					88ED74E3272FFE6E0088E3EF = {
						CreatedOnToolsVersion = 12.5;
					};
				};
			};
			buildConfigurationList = 88ED74DF272FFE6E0088E3EF /* Build configuration list for PBXProject "trendtrend" */;
			compatibilityVersion = "Xcode 9.3";
			developmentRegion = en;
			hasScannedForEncodings = 0;
			knownRegions = (
				en,
				Base,
			);
			mainGroup = 88ED74DB272FFE6E0088E3EF;
			packageReferences = (
				DA44DD772BF3B999006D5F7F /* XCRemoteSwiftPackageReference "firebase-ios-sdk" */,
				DAD55A2C2C044CA500B3B28E /* XCRemoteSwiftPackageReference "TOCropViewController" */,
			);
			productRefGroup = 88ED74E5272FFE6E0088E3EF /* Products */;
			projectDirPath = "";
			projectRoot = "";
			targets = (
				88ED74E3272FFE6E0088E3EF /* trendtrend */,
			);
		};
/* End PBXProject section */

/* Begin PBXResourcesBuildPhase section */
		88ED74E2272FFE6E0088E3EF /* Resources */ = {
			isa = PBXResourcesBuildPhase;
			buildActionMask = 2147483647;
			files = (
				DA5D20D42BC839E900C10563 /* Assets.xcassets in Resources */,
				DAA3BED32BFA40E500A59E0D /* Roboto-Regular.ttf in Resources */,
				DA805B4C2BC84451008C23AA /* Roboto-Thin.ttf in Resources */,
				DAA3BED02BFA40DA00A59E0D /* Roboto-Bold.ttf in Resources */,
				DAA3BEBA2BF9991500A59E0D /* GoogleService-Info.plist in Resources */,
				DAA3BED52BFA410300A59E0D /* Roboto-Light.ttf in Resources */,
				DA3A8A072BBB9939003FC375 /* PacificoRegular.ttf in Resources */,
			);
			runOnlyForDeploymentPostprocessing = 0;
		};
/* End PBXResourcesBuildPhase section */

/* Begin PBXShellScriptBuildPhase section */
		007EDECC7E1A6BD880D28C11 /* [CP] Embed Pods Frameworks */ = {
			isa = PBXShellScriptBuildPhase;
			buildActionMask = 2147483647;
			files = (
			);
			inputFileListPaths = (
				"${PODS_ROOT}/Target Support Files/Pods-trendtrend/Pods-trendtrend-frameworks-${CONFIGURATION}-input-files.xcfilelist",
			);
			name = "[CP] Embed Pods Frameworks";
			outputFileListPaths = (
				"${PODS_ROOT}/Target Support Files/Pods-trendtrend/Pods-trendtrend-frameworks-${CONFIGURATION}-output-files.xcfilelist",
			);
			runOnlyForDeploymentPostprocessing = 0;
			shellPath = /bin/sh;
			shellScript = "\"${PODS_ROOT}/Target Support Files/Pods-trendtrend/Pods-trendtrend-frameworks.sh\"\n";
			showEnvVarsInLog = 0;
		};
		47729BF7080811ACB1501F9A /* [CP] Check Pods Manifest.lock */ = {
			isa = PBXShellScriptBuildPhase;
			buildActionMask = 2147483647;
			files = (
			);
			inputFileListPaths = (
			);
			inputPaths = (
				"${PODS_PODFILE_DIR_PATH}/Podfile.lock",
				"${PODS_ROOT}/Manifest.lock",
			);
			name = "[CP] Check Pods Manifest.lock";
			outputFileListPaths = (
			);
			outputPaths = (
				"$(DERIVED_FILE_DIR)/Pods-trendtrend-checkManifestLockResult.txt",
			);
			runOnlyForDeploymentPostprocessing = 0;
			shellPath = /bin/sh;
			shellScript = "diff \"${PODS_PODFILE_DIR_PATH}/Podfile.lock\" \"${PODS_ROOT}/Manifest.lock\" > /dev/null\nif [ $? != 0 ] ; then\n    # print error to STDERR\n    echo \"error: The sandbox is not in sync with the Podfile.lock. Run 'pod install' or update your CocoaPods installation.\" >&2\n    exit 1\nfi\n# This output is used by Xcode 'outputs' to avoid re-running this script phase.\necho \"SUCCESS\" > \"${SCRIPT_OUTPUT_FILE_0}\"\n";
			showEnvVarsInLog = 0;
		};
/* End PBXShellScriptBuildPhase section */

/* Begin PBXSourcesBuildPhase section */
		DA5D205D2BC4C51400C10563 /* Sources */ = {
			isa = PBXSourcesBuildPhase;
			buildActionMask = 2147483647;
			files = (
				DA5D20752BC4C57C00C10563 /* GetstartedViewModel.swift in Sources */,
				DAA3BEC02BF999ED00A59E0D /* LoginView.swift in Sources */,
				DAA3BEE52BFF3C0300A59E0D /* StorageService.swift in Sources */,
				DA5D20782BC4C57C00C10563 /* BodymeasureView.swift in Sources */,
				DA5D20792BC4C57C00C10563 /* BodymeasureViewModel.swift in Sources */,
				DAA3BED72BFDECB400A59E0D /* CreatePostView.swift in Sources */,
				DA5D20862BC4CAC200C10563 /* GetstartedView.swift in Sources */,
				DA5D207A2BC4C57C00C10563 /* MainpageView.swift in Sources */,
				DAA3BECA2BF99DF700A59E0D /* SignupViewModel.swift in Sources */,
				DAA3BEE12BFF31A300A59E0D /* UserModel.swift in Sources */,
				DA5D207B2BC4C57C00C10563 /* MainpageViewModel.swift in Sources */,
				DA5D207C2BC4C57C00C10563 /* PageIndicator.swift in Sources */,
				DA5D206C2BC4C55100C10563 /* ActivityLoader.swift in Sources */,
				DA5D20892BC4CAF900C10563 /* TagpageViewModel.swift in Sources */,
				DAA3BEDD2BFE45F600A59E0D /* PhotoPicker.swift in Sources */,
				DA5D206B2BC4C54D00C10563 /* ViewportHelper.swift in Sources */,
				DA5D206A2BC4C54900C10563 /* Utilities.swift in Sources */,
				DA5D20902BC4CAFD00C10563 /* ImageCell.swift in Sources */,
				DA5D20692BC4C54500C10563 /* RoundedCornersView.swift in Sources */,
				DA5D208E2BC4CAFD00C10563 /* PersonalpageView.swift in Sources */,
				DA5D20682BC4C54200C10563 /* EncodableExtension.swift in Sources */,
				DA5D20672BC4C53E00C10563 /* UINavigationController.swift in Sources */,
				DA5D208F2BC4CAFD00C10563 /* PersonalpageViewModel.swift in Sources */,
				DA5D20662BC4C53A00C10563 /* ViewExtension.swift in Sources */,
				DA5D20652BC4C53700C10563 /* APIExtensions.swift in Sources */,
				DA5D20642BC4C53300C10563 /* FontScheme.swift in Sources */,
				DAA3BEBF2BF999ED00A59E0D /* LoginViewModel.swift in Sources */,
				DA5D20632BC4C52F00C10563 /* ColorConstants.swift in Sources */,
				DA5D20622BC4C52B00C10563 /* StringScheme.swift in Sources */,
				DAA3BECB2BF99DF700A59E0D /* SignupView.swift in Sources */,
				DA5D20612BC4C52800C10563 /* AppConstants.swift in Sources */,
				DA5D208A2BC4CAF900C10563 /* TagpageView.swift in Sources */,
				DAA3BED92BFDECCF00A59E0D /* CreatePostViewModel.swift in Sources */,
				DA5D20602BC4C52400C10563 /* trendtrendApp.swift in Sources */,
				DA5D205F2BC4C52100C10563 /* AppDelegate.swift in Sources */,
				DA5D205E2BC4C51E00C10563 /* APIManager.swift in Sources */,
			);
			runOnlyForDeploymentPostprocessing = 0;
		};
/* End PBXSourcesBuildPhase section */

/* Begin XCBuildConfiguration section */
		88ED74F1272FFE6F0088E3EF /* Debug */ = {
			isa = XCBuildConfiguration;
			buildSettings = {
				ALWAYS_SEARCH_USER_PATHS = NO;
				CLANG_ANALYZER_NONNULL = YES;
				CLANG_ANALYZER_NUMBER_OBJECT_CONVERSION = YES_AGGRESSIVE;
				CLANG_CXX_LANGUAGE_STANDARD = "gnu++14";
				CLANG_CXX_LIBRARY = "libc++";
				CLANG_ENABLE_MODULES = YES;
				CLANG_ENABLE_OBJC_ARC = YES;
				CLANG_ENABLE_OBJC_WEAK = YES;
				CLANG_WARN_BLOCK_CAPTURE_AUTORELEASING = YES;
				CLANG_WARN_BOOL_CONVERSION = YES;
				CLANG_WARN_COMMA = YES;
				CLANG_WARN_CONSTANT_CONVERSION = YES;
				CLANG_WARN_DEPRECATED_OBJC_IMPLEMENTATIONS = YES;
				CLANG_WARN_DIRECT_OBJC_ISA_USAGE = YES_ERROR;
				CLANG_WARN_DOCUMENTATION_COMMENTS = YES;
				CLANG_WARN_EMPTY_BODY = YES;
				CLANG_WARN_ENUM_CONVERSION = YES;
				CLANG_WARN_INFINITE_RECURSION = YES;
				CLANG_WARN_INT_CONVERSION = YES;
				CLANG_WARN_NON_LITERAL_NULL_CONVERSION = YES;
				CLANG_WARN_OBJC_IMPLICIT_RETAIN_SELF = YES;
				CLANG_WARN_OBJC_LITERAL_CONVERSION = YES;
				CLANG_WARN_OBJC_ROOT_CLASS = YES_ERROR;
				CLANG_WARN_QUOTED_INCLUDE_IN_FRAMEWORK_HEADER = YES;
				CLANG_WARN_RANGE_LOOP_ANALYSIS = YES;
				CLANG_WARN_STRICT_PROTOTYPES = YES;
				CLANG_WARN_SUSPICIOUS_MOVE = YES;
				CLANG_WARN_UNGUARDED_AVAILABILITY = YES_AGGRESSIVE;
				CLANG_WARN_UNREACHABLE_CODE = YES;
				CLANG_WARN__DUPLICATE_METHOD_MATCH = YES;
				COPY_PHASE_STRIP = NO;
				DEBUG_INFORMATION_FORMAT = dwarf;
				ENABLE_STRICT_OBJC_MSGSEND = YES;
				ENABLE_TESTABILITY = YES;
				GCC_C_LANGUAGE_STANDARD = gnu11;
				GCC_DYNAMIC_NO_PIC = NO;
				GCC_NO_COMMON_BLOCKS = YES;
				GCC_OPTIMIZATION_LEVEL = 0;
				GCC_PREPROCESSOR_DEFINITIONS = (
					"DEBUG=1",
					"$(inherited)",
				);
				GCC_WARN_64_TO_32_BIT_CONVERSION = YES;
				GCC_WARN_ABOUT_RETURN_TYPE = YES_ERROR;
				GCC_WARN_UNDECLARED_SELECTOR = YES;
				GCC_WARN_UNINITIALIZED_AUTOS = YES_AGGRESSIVE;
				GCC_WARN_UNUSED_FUNCTION = YES;
				GCC_WARN_UNUSED_VARIABLE = YES;
				IPHONEOS_DEPLOYMENT_TARGET = 14.5;
				MTL_ENABLE_DEBUG_INFO = INCLUDE_SOURCE;
				MTL_FAST_MATH = YES;
				ONLY_ACTIVE_ARCH = YES;
				SDKROOT = iphoneos;
				SWIFT_ACTIVE_COMPILATION_CONDITIONS = DEBUG;
				SWIFT_OPTIMIZATION_LEVEL = "-Onone";
			};
			name = Debug;
		};
		88ED74F2272FFE6F0088E3EF /* Release */ = {
			isa = XCBuildConfiguration;
			buildSettings = {
				ALWAYS_SEARCH_USER_PATHS = NO;
				CLANG_ANALYZER_NONNULL = YES;
				CLANG_ANALYZER_NUMBER_OBJECT_CONVERSION = YES_AGGRESSIVE;
				CLANG_CXX_LANGUAGE_STANDARD = "gnu++14";
				CLANG_CXX_LIBRARY = "libc++";
				CLANG_ENABLE_MODULES = YES;
				CLANG_ENABLE_OBJC_ARC = YES;
				CLANG_ENABLE_OBJC_WEAK = YES;
				CLANG_WARN_BLOCK_CAPTURE_AUTORELEASING = YES;
				CLANG_WARN_BOOL_CONVERSION = YES;
				CLANG_WARN_COMMA = YES;
				CLANG_WARN_CONSTANT_CONVERSION = YES;
				CLANG_WARN_DEPRECATED_OBJC_IMPLEMENTATIONS = YES;
				CLANG_WARN_DIRECT_OBJC_ISA_USAGE = YES_ERROR;
				CLANG_WARN_DOCUMENTATION_COMMENTS = YES;
				CLANG_WARN_EMPTY_BODY = YES;
				CLANG_WARN_ENUM_CONVERSION = YES;
				CLANG_WARN_INFINITE_RECURSION = YES;
				CLANG_WARN_INT_CONVERSION = YES;
				CLANG_WARN_NON_LITERAL_NULL_CONVERSION = YES;
				CLANG_WARN_OBJC_IMPLICIT_RETAIN_SELF = YES;
				CLANG_WARN_OBJC_LITERAL_CONVERSION = YES;
				CLANG_WARN_OBJC_ROOT_CLASS = YES_ERROR;
				CLANG_WARN_QUOTED_INCLUDE_IN_FRAMEWORK_HEADER = YES;
				CLANG_WARN_RANGE_LOOP_ANALYSIS = YES;
				CLANG_WARN_STRICT_PROTOTYPES = YES;
				CLANG_WARN_SUSPICIOUS_MOVE = YES;
				CLANG_WARN_UNGUARDED_AVAILABILITY = YES_AGGRESSIVE;
				CLANG_WARN_UNREACHABLE_CODE = YES;
				CLANG_WARN__DUPLICATE_METHOD_MATCH = YES;
				COPY_PHASE_STRIP = NO;
				DEBUG_INFORMATION_FORMAT = "dwarf-with-dsym";
				ENABLE_NS_ASSERTIONS = NO;
				ENABLE_STRICT_OBJC_MSGSEND = YES;
				GCC_C_LANGUAGE_STANDARD = gnu11;
				GCC_NO_COMMON_BLOCKS = YES;
				GCC_WARN_64_TO_32_BIT_CONVERSION = YES;
				GCC_WARN_ABOUT_RETURN_TYPE = YES_ERROR;
				GCC_WARN_UNDECLARED_SELECTOR = YES;
				GCC_WARN_UNINITIALIZED_AUTOS = YES_AGGRESSIVE;
				GCC_WARN_UNUSED_FUNCTION = YES;
				GCC_WARN_UNUSED_VARIABLE = YES;
				IPHONEOS_DEPLOYMENT_TARGET = 14.5;
				MTL_ENABLE_DEBUG_INFO = NO;
				MTL_FAST_MATH = YES;
				SDKROOT = iphoneos;
				SWIFT_COMPILATION_MODE = wholemodule;
				SWIFT_OPTIMIZATION_LEVEL = "-O";
				VALIDATE_PRODUCT = YES;
			};
			name = Release;
		};
		88ED74F4272FFE6F0088E3EF /* Debug */ = {
			isa = XCBuildConfiguration;
			baseConfigurationReference = FDB21E835067A96679F8CAE2 /* Pods-trendtrend.debug.xcconfig */;
			buildSettings = {
				ASSETCATALOG_COMPILER_APPICON_NAME = AppIcon;
				ASSETCATALOG_COMPILER_GLOBAL_ACCENT_COLOR_NAME = AccentColor;
				ASSETCATALOG_COMPILER_INCLUDE_ALL_APPICON_ASSETS = YES;
				CODE_SIGN_STYLE = Automatic;
				DEVELOPMENT_ASSET_PATHS = "\"trendtrend/Preview Content\"";
				DEVELOPMENT_TEAM = JB8Z9HTB6G;
				ENABLE_PREVIEWS = YES;
				INFOPLIST_FILE = trendtrend/Info.plist;
				IPHONEOS_DEPLOYMENT_TARGET = 15.0;
				LD_RUNPATH_SEARCH_PATHS = (
					"$(inherited)",
					"@executable_path/Frameworks",
				);
				PRODUCT_BUNDLE_IDENTIFIER = com.trendtrend.app;
				PRODUCT_NAME = "$(TARGET_NAME)";
				SWIFT_VERSION = 5.0;
				TARGETED_DEVICE_FAMILY = "1,2";
			};
			name = Debug;
		};
		88ED74F5272FFE6F0088E3EF /* Release */ = {
			isa = XCBuildConfiguration;
			baseConfigurationReference = F21E534AAF644A2BBDAE291C /* Pods-trendtrend.release.xcconfig */;
			buildSettings = {
				ASSETCATALOG_COMPILER_APPICON_NAME = AppIcon;
				ASSETCATALOG_COMPILER_GLOBAL_ACCENT_COLOR_NAME = AccentColor;
				ASSETCATALOG_COMPILER_INCLUDE_ALL_APPICON_ASSETS = YES;
				CODE_SIGN_STYLE = Automatic;
				DEVELOPMENT_ASSET_PATHS = "\"trendtrend/Preview Content\"";
				DEVELOPMENT_TEAM = JB8Z9HTB6G;
				ENABLE_PREVIEWS = YES;
				INFOPLIST_FILE = trendtrend/Info.plist;
				IPHONEOS_DEPLOYMENT_TARGET = 15.0;
				LD_RUNPATH_SEARCH_PATHS = (
					"$(inherited)",
					"@executable_path/Frameworks",
				);
				PRODUCT_BUNDLE_IDENTIFIER = com.trendtrend.app;
				PRODUCT_NAME = "$(TARGET_NAME)";
				SWIFT_VERSION = 5.0;
				TARGETED_DEVICE_FAMILY = "1,2";
			};
			name = Release;
		};
/* End XCBuildConfiguration section */

/* Begin XCConfigurationList section */
		88ED74DF272FFE6E0088E3EF /* Build configuration list for PBXProject "trendtrend" */ = {
			isa = XCConfigurationList;
			buildConfigurations = (
				88ED74F1272FFE6F0088E3EF /* Debug */,
				88ED74F2272FFE6F0088E3EF /* Release */,
			);
			defaultConfigurationIsVisible = 0;
			defaultConfigurationName = Release;
		};
		88ED74F3272FFE6F0088E3EF /* Build configuration list for PBXNativeTarget "trendtrend" */ = {
			isa = XCConfigurationList;
			buildConfigurations = (
				88ED74F4272FFE6F0088E3EF /* Debug */,
				88ED74F5272FFE6F0088E3EF /* Release */,
			);
			defaultConfigurationIsVisible = 0;
			defaultConfigurationName = Release;
		};
/* End XCConfigurationList section */

/* Begin XCRemoteSwiftPackageReference section */
		DA44DD772BF3B999006D5F7F /* XCRemoteSwiftPackageReference "firebase-ios-sdk" */ = {
			isa = XCRemoteSwiftPackageReference;
			repositoryURL = "https://github.com/firebase/firebase-ios-sdk";
			requirement = {
				kind = upToNextMajorVersion;
				minimumVersion = 10.0.0;
			};
		};
		DAD55A2C2C044CA500B3B28E /* XCRemoteSwiftPackageReference "TOCropViewController" */ = {
			isa = XCRemoteSwiftPackageReference;
			repositoryURL = "https://github.com/TimOliver/TOCropViewController";
			requirement = {
				kind = upToNextMajorVersion;
				minimumVersion = 2.0.0;
			};
		};
/* End XCRemoteSwiftPackageReference section */

/* Begin XCSwiftPackageProductDependency section */
		DAD55A2D2C044CA500B3B28E /* CropViewController */ = {
			isa = XCSwiftPackageProductDependency;
			package = DAD55A2C2C044CA500B3B28E /* XCRemoteSwiftPackageReference "TOCropViewController" */;
			productName = CropViewController;
		};
		DAD55A2F2C044CA500B3B28E /* TOCropViewController */ = {
			isa = XCSwiftPackageProductDependency;
			package = DAD55A2C2C044CA500B3B28E /* XCRemoteSwiftPackageReference "TOCropViewController" */;
			productName = TOCropViewController;
		};
/* End XCSwiftPackageProductDependency section */
	};
	rootObject = 88ED74DC272FFE6E0088E3EF /* Project object */;
}
